
Microsoft Visual Studio Solution File, Format Version 12.00
# Visual Studio Version 16
VisualStudioVersion = 25.0.1705.6
MinimumVisualStudioVersion = 10.0.40219.1
Project("{FAE04EC0-301F-11D3-BF4B-00C04F79EFBC}") = "FIRMADB_VN", "FIRMADB_VN\FIRMADB_VN.csproj", "{FC5D9E7B-1966-43C3-9D52-321B2C743205}"
EndProject
Global
	GlobalSection(SolutionConfigurationPlatforms) = preSolution
		Debug|Any CPU = Debug|Any CPU
		Release|Any CPU = Release|Any CPU
	EndGlobalSection
	GlobalSection(ProjectConfigurationPlatforms) = postSolution
		{FC5D9E7B-1966-43C3-9D52-321B2C743205}.Debug|Any CPU.ActiveCfg = Debug|Any CPU
		{FC5D9E7B-1966-43C3-9D52-321B2C743205}.Debug|Any CPU.Build.0 = Debug|Any CPU
		{FC5D9E7B-1966-43C3-9D52-321B2C743205}.Release|Any CPU.ActiveCfg = Release|Any CPU
		{FC5D9E7B-1966-43C3-9D52-321B2C743205}.Release|Any CPU.Build.0 = Release|Any CPU
	EndGlobalSection
	GlobalSection(SolutionProperties) = preSolution
		HideSolutionNode = FALSE
	EndGlobalSection
	GlobalSection(ExtensibilityGlobals) = postSolution
		SolutionGuid = {036F2314-37F2-4C8B-A7D2-EE8EC00849F2}
	EndGlobalSection
EndGlobal
